github.com/google/go-cmp v0.6.0 h1:ofyhxvXcZhMsU5ulbFiLKl/XBFqE1GSq7atu8tAmTRI=
github.com/google/go-cmp v0.6.0/go.mod h1:17dUlkBOakJ0+DkrSSNjCkIjxS6bF9zb3elmeNGIjoY=
github.com/pascaldekloe/goe v0.1.1 h1:Ah6WQ56rZONR3RW3qWa2NCZ6JAVvSpUcoLBaOmYFt9Q=
github.com/pascaldekloe/goe v0.1.1/go.mod h1:KSyfaxQOh0HZPjDP1FL/kFtbqYqrALJTaMafFUIccqU=
github.com/wmnsk/go-gtp v0.8.11 h1:5TaFh4eIz4b6xMyUXGwEeei8QkOscVOZQ4hFqS7p0ko=
github.com/wmnsk/go-gtp v0.8.11/go.mod h1:eXT4O+VPLMM5Pjf4PejmPvXjB0RdJPt3B86PDLGDhjw=
